{
  "lockfileVersion": 1,
  "configVersion": 1,
  "workspaces": {
    "": {
      "name": "@zaherg/chorus",
      "dependencies": {
        "@ai-sdk/alibaba": "^2.0.8",
        "@ai-sdk/amazon-bedrock": "^5.0.14",
        "@ai-sdk/anthropic": "^4.0.10",
        "@ai-sdk/azure": "^4.0.9",
        "@ai-sdk/baseten": "^2.0.6",
        "@ai-sdk/cerebras": "^3.0.6",
        "@ai-sdk/cohere": "^4.0.6",
        "@ai-sdk/deepinfra": "^3.0.6",
        "@ai-sdk/deepseek": "^3.0.6",
        "@ai-sdk/fireworks": "^3.0.7",
        "@ai-sdk/gateway": "^4.0.14",
        "@ai-sdk/google": "^4.0.10",
        "@ai-sdk/google-vertex": "^5.0.13",
        "@ai-sdk/groq": "^4.0.6",
        "@ai-sdk/huggingface": "^2.0.6",
        "@ai-sdk/mistral": "^4.0.7",
        "@ai-sdk/openai": "^4.0.9",
        "@ai-sdk/openai-compatible": "^3.0.6",
        "@ai-sdk/perplexity": "^4.0.7",
        "@ai-sdk/provider": "^4.0.2",
        "@ai-sdk/togetherai": "^3.0.7",
        "@ai-sdk/vercel": "^3.0.6",
        "@ai-sdk/xai": "^4.0.9",
        "@logtape/file": "^2.2.4",
        "@logtape/logtape": "^2.2.4",
        "@openrouter/ai-sdk-provider": "^3.0.0",
        "ai": "^7.0.18",
        "zod": "^4.4.3",
      },
      "devDependencies": {
        "@types/bun": "^1.3.14",
        "@types/node": "26.1.1",
        "typescript": "^7.0.2",
      },
    },
  },
  "packages": {
    "@ai-sdk/alibaba": ["@ai-sdk/alibaba@2.0.8", "", { "dependencies": { "@ai-sdk/openai-compatible": "3.0.6", "@ai-sdk/provider": "4.0.2", "@ai-sdk/provider-utils": "5.0.6" }, "peerDependencies": { "zod": "^3.25.76 || ^4.1.8" } }, "sha512-0fX4v6M4ySicSYyfsKiu8AX/GYedywqm9KAWaFNwRIcZRjNeroAmDS8v0bCIFQa7kwbcZXrlS4A+uu/q8Hnmrg=="],

    "@ai-sdk/amazon-bedrock": ["@ai-sdk/amazon-bedrock@5.0.14", "", { "dependencies": { "@ai-sdk/anthropic": "4.0.10", "@ai-sdk/openai": "4.0.9", "@ai-sdk/provider": "4.0.2", "@ai-sdk/provider-utils": "5.0.6", "@smithy/eventstream-codec": "^4.3.3", "@smithy/util-utf8": "^4.3.3", "aws4fetch": "^1.0.20" }, "peerDependencies": { "zod": "^3.25.76 || ^4.1.8" } }, "sha512-S2KDzYuaRM5jY+5oeOtcMS60lFVrJLeTguzEYN6M5uez6zBaE8EjDWC6JaCRZDoMzB1uLSXQYVzC5uisjWseyg=="],

    "@ai-sdk/anthropic": ["@ai-sdk/anthropic@4.0.10", "", { "dependencies": { "@ai-sdk/provider": "4.0.2", "@ai-sdk/provider-utils": "5.0.6" }, "peerDependencies": { "zod": "^3.25.76 || ^4.1.8" } }, "sha512-L9GlJyL8stPyv5QTRONnVoRVw82b6iBuX4LTiRJMM++I2RfDe+yrBsPa6gz6Msll9GZ7JsX0MRNUP4G1afjDTw=="],

    "@ai-sdk/azure": ["@ai-sdk/azure@4.0.9", "", { "dependencies": { "@ai-sdk/deepseek": "3.0.6", "@ai-sdk/openai": "4.0.9", "@ai-sdk/provider": "4.0.2", "@ai-sdk/provider-utils": "5.0.6" }, "peerDependencies": { "zod": "^3.25.76 || ^4.1.8" } }, "sha512-+I+eCetnWfNZfC7rAq5hzpRVIb8GNrQQaXLg3Ma4eY1mvPTDZ0Yh+Wadrm10gJ/no818t341qjsjnKBldYsdIQ=="],

    "@ai-sdk/baseten": ["@ai-sdk/baseten@2.0.6", "", { "dependencies": { "@ai-sdk/openai-compatible": "3.0.6", "@ai-sdk/provider": "4.0.2", "@ai-sdk/provider-utils": "5.0.6", "@basetenlabs/performance-client": "^0.0.10" }, "peerDependencies": { "zod": "^3.25.76 || ^4.1.8" } }, "sha512-iJVjKTkXVfjIuwrnUtNcy+Fy5OfcMJUXzu5zRYV2qTiV9B4U8LYd5cCA4shWDjtR/lKSYyM3E6qCfvEcoOm6dA=="],

    "@ai-sdk/cerebras": ["@ai-sdk/cerebras@3.0.6", "", { "dependencies": { "@ai-sdk/openai-compatible": "3.0.6", "@ai-sdk/provider": "4.0.2", "@ai-sdk/provider-utils": "5.0.6" }, "peerDependencies": { "zod": "^3.25.76 || ^4.1.8" } }, "sha512-QI02IBxolbJ9Ohk2ZKCiTzXN/hE1p0M5G1YVUIUiN/G/qafDtyyGcbiymuZsFiCEOWqTx+k9gYDR4MO+ksTsew=="],

    "@ai-sdk/cohere": ["@ai-sdk/cohere@4.0.6", "", { "dependencies": { "@ai-sdk/provider": "4.0.2", "@ai-sdk/provider-utils": "5.0.6" }, "peerDependencies": { "zod": "^3.25.76 || ^4.1.8" } }, "sha512-ieK271Znc1T2KApGWE9oz65wx/9MVyy93VsJuZiUj43J71lkVn1K5aX3sEG/tFDB+MxaMN/ofbhI8gWRzoOYfw=="],

    "@ai-sdk/deepinfra": ["@ai-sdk/deepinfra@3.0.6", "", { "dependencies": { "@ai-sdk/openai-compatible": "3.0.6", "@ai-sdk/provider": "4.0.2", "@ai-sdk/provider-utils": "5.0.6" }, "peerDependencies": { "zod": "^3.25.76 || ^4.1.8" } }, "sha512-TPsJjIaYX2IqCsoiMdgqZ6AVcH3RBozn1aSyx1HQD4rxRBiudK2FMnsxHOEa5/ZRggNprkzyKfkSJJn7b6wmBw=="],

    "@ai-sdk/deepseek": ["@ai-sdk/deepseek@3.0.6", "", { "dependencies": { "@ai-sdk/provider": "4.0.2", "@ai-sdk/provider-utils": "5.0.6" }, "peerDependencies": { "zod": "^3.25.76 || ^4.1.8" } }, "sha512-mPX5fqMN6flScSq5XvU/Oli4r6GXRx57I7h/NVQSAHChzpZAl4bGirV3eEKCCR9pS65WVEc9iNI4w+hqrFBecQ=="],

    "@ai-sdk/fireworks": ["@ai-sdk/fireworks@3.0.7", "", { "dependencies": { "@ai-sdk/openai-compatible": "3.0.6", "@ai-sdk/provider": "4.0.2", "@ai-sdk/provider-utils": "5.0.6" }, "peerDependencies": { "zod": "^3.25.76 || ^4.1.8" } }, "sha512-dZaTQldheNVMaAZgKi9ZtOtxOEUpPYOWIwcZbrHRRgZbrTbsnrN9dt6DOemetfcBPNNf82a0vCmjQJLEueTUzg=="],

    "@ai-sdk/gateway": ["@ai-sdk/gateway@4.0.14", "", { "dependencies": { "@ai-sdk/provider": "4.0.2", "@ai-sdk/provider-utils": "5.0.6", "@vercel/oidc": "3.2.0" }, "peerDependencies": { "zod": "^3.25.76 || ^4.1.8" } }, "sha512-wbYqQKpASsuK7bdoa1fp+QA6oy3ddqqBOukN3IkyaR8PAp0pWoc66ch2td+ixeknoCcO4F6VTkSFKVC6MP3bTQ=="],

    "@ai-sdk/google": ["@ai-sdk/google@4.0.10", "", { "dependencies": { "@ai-sdk/provider": "4.0.2", "@ai-sdk/provider-utils": "5.0.6" }, "peerDependencies": { "zod": "^3.25.76 || ^4.1.8" } }, "sha512-+g629pKE4xhLB6LnskHlOkie30UENhiKpdYMGQoGYm09191kfRU8qAU7wgF01PmzGFe0h3JYpls6Ok2aCYmjzQ=="],

    "@ai-sdk/google-vertex": ["@ai-sdk/google-vertex@5.0.13", "", { "dependencies": { "@ai-sdk/anthropic": "4.0.10", "@ai-sdk/google": "4.0.10", "@ai-sdk/openai-compatible": "3.0.6", "@ai-sdk/provider": "4.0.2", "@ai-sdk/provider-utils": "5.0.6", "google-auth-library": "^10.6.2" }, "peerDependencies": { "zod": "^3.25.76 || ^4.1.8" } }, "sha512-WtAv5YsuwvxjqxwmRO0yTHGcz+QI2PZHHo0/lP5gveqOEs2GDU4ihLZrq+KJ5u+hfeEKRlIB5XHTenV3rcvCzg=="],

    "@ai-sdk/groq": ["@ai-sdk/groq@4.0.6", "", { "dependencies": { "@ai-sdk/provider": "4.0.2", "@ai-sdk/provider-utils": "5.0.6" }, "peerDependencies": { "zod": "^3.25.76 || ^4.1.8" } }, "sha512-8aKfwUElkmjvyMr7cCEGMO8Wbt9udvxeJtsTIgDan25jqhoT/GUqV1YcFXczwwveIjaRB2xR6m9hKfDuXcTrBA=="],

    "@ai-sdk/huggingface": ["@ai-sdk/huggingface@2.0.6", "", { "dependencies": { "@ai-sdk/openai-compatible": "3.0.6", "@ai-sdk/provider": "4.0.2", "@ai-sdk/provider-utils": "5.0.6" }, "peerDependencies": { "zod": "^3.25.76 || ^4" } }, "sha512-g7/kDuJDoTyq2EdxMNbrXHXnCrKhvV3Ob8zCs3BqaUvF4fN55vn7lDHTE3RFuIqLYxbKsaFw2KUIIbhuq8bGvw=="],

    "@ai-sdk/mistral": ["@ai-sdk/mistral@4.0.7", "", { "dependencies": { "@ai-sdk/provider": "4.0.2", "@ai-sdk/provider-utils": "5.0.6" }, "peerDependencies": { "zod": "^3.25.76 || ^4.1.8" } }, "sha512-HhXtQBZyQBUWvh3q4wtQoq99WUOjb7dgGnTgedkdISHiNRZ4OkSQ1kYVFlbNG4XRddvIUf4CJd2fKzq+sYedAQ=="],

    "@ai-sdk/openai": ["@ai-sdk/openai@4.0.9", "", { "dependencies": { "@ai-sdk/provider": "4.0.2", "@ai-sdk/provider-utils": "5.0.6" }, "peerDependencies": { "zod": "^3.25.76 || ^4.1.8" } }, "sha512-j7x7FC6KQJMQaJoi6hFLzbB2aXMnR+IA8h0BQH8YCbQESppbM7SzmZ4VAPpobIvx0rqiVNJ1JjraElOLuA31Ag=="],

    "@ai-sdk/openai-compatible": ["@ai-sdk/openai-compatible@3.0.6", "", { "dependencies": { "@ai-sdk/provider": "4.0.2", "@ai-sdk/provider-utils": "5.0.6" }, "peerDependencies": { "zod": "^3.25.76 || ^4.1.8" } }, "sha512-1YB8Wt2l3X1gCLuF5bYoaQn04XXw+GKqxSvnHAnGEpK+xflJfnJ1l93KHbijLBObM6KAC7amKT9KjM9iu1B6zA=="],

    "@ai-sdk/perplexity": ["@ai-sdk/perplexity@4.0.7", "", { "dependencies": { "@ai-sdk/provider": "4.0.2", "@ai-sdk/provider-utils": "5.0.6" }, "peerDependencies": { "zod": "^3.25.76 || ^4.1.8" } }, "sha512-qrd8klmEo8XGRH2m5lXsj+Hc+CqkqeZuV2cdLlgttIm8HRQfe5dFna/DodNslCSxVJu9Erk2M6pN8VMkmNvOLg=="],

    "@ai-sdk/provider": ["@ai-sdk/provider@4.0.2", "", { "dependencies": { "json-schema": "^0.4.0" } }, "sha512-pfPoy9J1B1xV7cqJ8MYHOsDYrMv5tR3+EMNfI249OhkD2uRakvav3Fo7XpD2luuN/YNCBY7KfEQc7vEV7KEtyw=="],

    "@ai-sdk/provider-utils": ["@ai-sdk/provider-utils@5.0.6", "", { "dependencies": { "@ai-sdk/provider": "4.0.2", "@standard-schema/spec": "^1.1.0", "@workflow/serde": "4.1.0", "eventsource-parser": "^3.0.8" }, "peerDependencies": { "zod": "^3.25.76 || ^4.1.8" } }, "sha512-i4mVayGtC+HrRmtfPFOxvKKQgFU+1dwTTsh4MY0jY1MaGuppOwDFrNYrJ3dDXWMkO3o6FDVAKY8ZDsy7hLsO9Q=="],

    "@ai-sdk/togetherai": ["@ai-sdk/togetherai@3.0.7", "", { "dependencies": { "@ai-sdk/openai-compatible": "3.0.6", "@ai-sdk/provider": "4.0.2", "@ai-sdk/provider-utils": "5.0.6" }, "peerDependencies": { "zod": "^3.25.76 || ^4.1.8" } }, "sha512-qcnRe0MxiMO6TjgZVfi/4hIuGUkBJqyq0BEOzGsoyV7bTdgYvcfQdv+6O96rtp1y9kammCKsjYcxZTbOZjdtug=="],

    "@ai-sdk/vercel": ["@ai-sdk/vercel@3.0.6", "", { "dependencies": { "@ai-sdk/openai-compatible": "3.0.6", "@ai-sdk/provider": "4.0.2", "@ai-sdk/provider-utils": "5.0.6" }, "peerDependencies": { "zod": "^3.25.76 || ^4.1.8" } }, "sha512-rU6VKLiEi4FHoNHPPYbtG+Ig70ZS1ya/5ZETR4FYsptM8mcRfslwo/YizlB/BhwBATQteHbBHnyDwzZFvnRKAg=="],

    "@ai-sdk/xai": ["@ai-sdk/xai@4.0.9", "", { "dependencies": { "@ai-sdk/openai-compatible": "3.0.6", "@ai-sdk/provider": "4.0.2", "@ai-sdk/provider-utils": "5.0.6" }, "peerDependencies": { "zod": "^3.25.76 || ^4.1.8" } }, "sha512-hwK3vplmnjylCPfTvugj+n41ueFfW6C5U5twXHpkVdldOSp05Uc4ZocW+XVykWDyv4HdBUL0ia1BwAGXkJQt7g=="],

    "@basetenlabs/performance-client": ["@basetenlabs/performance-client@0.0.10", "", { "optionalDependencies": { "@basetenlabs/performance-client-android-arm-eabi": "0.0.10", "@basetenlabs/performance-client-android-arm64": "0.0.10", "@basetenlabs/performance-client-darwin-arm64": "0.0.10", "@basetenlabs/performance-client-darwin-universal": "0.0.10", "@basetenlabs/performance-client-darwin-x64": "0.0.10", "@basetenlabs/performance-client-freebsd-x64": "0.0.10", "@basetenlabs/performance-client-linux-arm-gnueabihf": "0.0.10", "@basetenlabs/performance-client-linux-arm-musleabihf": "0.0.10", "@basetenlabs/performance-client-linux-arm64-gnu": "0.0.10", "@basetenlabs/performance-client-linux-arm64-musl": "0.0.10", "@basetenlabs/performance-client-linux-riscv64-gnu": "0.0.10", "@basetenlabs/performance-client-linux-x64-gnu": "0.0.10", "@basetenlabs/performance-client-linux-x64-musl": "0.0.10", "@basetenlabs/performance-client-win32-arm64-msvc": "0.0.10", "@basetenlabs/performance-client-win32-ia32-msvc": "0.0.10", "@basetenlabs/performance-client-win32-x64-msvc": "0.0.10" } }, "sha512-H6bpd1JcDbuJsOS2dNft+CCGLzBqHJO/ST/4mMKhLAW641J6PpVJUw1szYsk/dTetdedbWxHpMkvFObOKeP8nw=="],

    "@basetenlabs/performance-client-android-arm-eabi": ["@basetenlabs/performance-client-android-arm-eabi@0.0.10", "", { "os": "android", "cpu": "arm" }, "sha512-gwDZ6GDJA0AAmQAHxt2vaCz0tYTaLjxJKZnoYt+0Eji4gy231JZZFAwvbAqNdQCrGEQ9lXnk7SNM1Apet4NlYg=="],

    "@basetenlabs/performance-client-android-arm64": ["@basetenlabs/performance-client-android-arm64@0.0.10", "", { "os": "android", "cpu": "arm64" }, "sha512-oGRB/6hH89majhsmoVmj1IAZv4C7F2aLeTSebevBelmdYO4CFkn5qewxLzU1pDkkmxVVk2k+TRpYa1Dt4B96qQ=="],

    "@basetenlabs/performance-client-darwin-arm64": ["@basetenlabs/performance-client-darwin-arm64@0.0.10", "", { "os": "darwin", "cpu": "arm64" }, "sha512-QpBOUjeO05tWgFWkDw2RUQZa3BMplX5jNiBBTi5mH1lIL/m1sm2vkxoc0iorEESp1mMPstYFS/fr4ssBuO7wyA=="],

    "@basetenlabs/performance-client-darwin-universal": ["@basetenlabs/performance-client-darwin-universal@0.0.10", "", { "os": "darwin" }, "sha512-CBM38GAhekjylrlf7jW/0WNyFAGnAMBCNHZxaPnAjjhDNzJh1tcrwhvtOs66XbAqCOjO/tkt5Pdu6mg2Ui2Pjw=="],

    "@basetenlabs/performance-client-darwin-x64": ["@basetenlabs/performance-client-darwin-x64@0.0.10", "", { "os": "darwin", "cpu": "x64" }, "sha512-R+NsA72Axclh1CUpmaWOCLTWCqXn5/tFMj2z9BnHVSRTelx/pYFlx6ZngVTB1HYp1n21m3upPXGo8CHF8R7Itw=="],

    "@basetenlabs/performance-client-linux-arm-gnueabihf": ["@basetenlabs/performance-client-linux-arm-gnueabihf@0.0.10", "", { "os": "linux", "cpu": "arm" }, "sha512-96kEo0Eas4GVQdFkxIB1aAv6dy5Ga57j+RIg5l0Yiawv+AYIEmgk9BsGkqcwayp8Iiu6LN22Z+AUsGY2gstNrg=="],

    "@basetenlabs/performance-client-linux-arm-musleabihf": ["@basetenlabs/performance-client-linux-arm-musleabihf@0.0.10", "", { "os": "linux", "cpu": "arm" }, "sha512-lzEHeu+/BWDl2q+QZcqCkg1rDGF4MeyM3HgYwX+07t+vGZoqtM2we9vEV68wXMpl6ToEHQr7ML2KHA1Gb6ogxg=="],

    "@basetenlabs/performance-client-linux-arm64-gnu": ["@basetenlabs/performance-client-linux-arm64-gnu@0.0.10", "", { "os": "linux", "cpu": "arm64" }, "sha512-MnY2cIRY/cQOYERWIHhh5CoaS2wgmmXtGDVGSLYyZvjwizrXZvjkEz7Whv2jaQ21T5S56VER67RABjz2TItrHQ=="],

    "@basetenlabs/performance-client-linux-riscv64-gnu": ["@basetenlabs/performance-client-linux-riscv64-gnu@0.0.10", "", { "os": "linux", "cpu": "none" }, "sha512-2KUvdK4wuoZdIqNnJhx7cu6ybXCwtiwGAtlrEvhai3FOkUQ3wE2Xa+TQ33mNGSyFbw6wAvLawYtKVFmmw27gJw=="],

    "@basetenlabs/performance-client-linux-x64-gnu": ["@basetenlabs/performance-client-linux-x64-gnu@0.0.10", "", { "os": "linux", "cpu": "x64" }, "sha512-9jjQPjHLiVOGwUPlmhnBl7OmmO7hQ8WMt+v3mJuxkS5JTNDmVOngfmgGlbN9NjBhQMENjdcMUVOquVo7HeybGQ=="],

    "@basetenlabs/performance-client-linux-x64-musl": ["@basetenlabs/performance-client-linux-x64-musl@0.0.10", "", { "os": "linux", "cpu": "x64" }, "sha512-bjYB8FKcPvEa251Ep2Gm3tvywADL9eavVjZsikdf0AvJ1K5pT+vLLvJBU9ihBsTPWnbF4pJgxVjwS6UjVObsQA=="],

    "@basetenlabs/performance-client-win32-arm64-msvc": ["@basetenlabs/performance-client-win32-arm64-msvc@0.0.10", "", { "os": "win32", "cpu": "arm64" }, "sha512-Vxq5UXEmfh3C3hpwXdp3Daaf0dnLR9zFH2x8MJ1Hf/TcilmOP1clneewNpIv0e7MrnT56Z4pM6P3d8VFMZqBKg=="],

    "@basetenlabs/performance-client-win32-ia32-msvc": ["@basetenlabs/performance-client-win32-ia32-msvc@0.0.10", "", { "os": "win32", "cpu": "ia32" }, "sha512-KJrm7CgZdP/UDC5+tHtqE6w9XMfY5YUfMOxJfBZGSsLMqS2OGsakQsaF0a55k+58l29X5w/nAkjHrI1BcQO03w=="],

    "@basetenlabs/performance-client-win32-x64-msvc": ["@basetenlabs/performance-client-win32-x64-msvc@0.0.10", "", { "os": "win32", "cpu": "x64" }, "sha512-M/mhvfTItUcUX+aeXRb5g5MbRlndfg6yelV7tSYfLU4YixMIe5yoGaAP3iDilpFJjcC99f+EU4l4+yLbPtpXig=="],

    "@logtape/file": ["@logtape/file@2.2.4", "", { "peerDependencies": { "@logtape/logtape": "^2.2.4" } }, "sha512-f+1g4VvB+HegOYwt8GAhYFk1OO9nbi5l0hn7hkKxjnyedE9CBEoKgN36nIYIt58asRms2GDXLtxeK0OStYjnsQ=="],

    "@logtape/logtape": ["@logtape/logtape@2.2.4", "", {}, "sha512-2rALzv9m4ibE5FyB8/FMm5MPMMlK7ujgy3ufricVKIxj6e7SZbw4w6J16/fRAsXgdDlOXPUA0aa6XoEQvdlKxw=="],

    "@openrouter/ai-sdk-provider": ["@openrouter/ai-sdk-provider@3.0.0", "", { "peerDependencies": { "ai": "^7.0.0", "zod": "^3.25.76 || ^4.1.8" } }, "sha512-m9XTSWoODH2RM5OsZpaGiN7QRR8cdP5paBWq699Tu3JVmGPBKT8xF8XwV0ZBVVsjikD/JgWfak4VSsTR4wAVbg=="],

    "@smithy/core": ["@smithy/core@3.28.0", "", { "dependencies": { "@smithy/types": "^4.15.0", "tslib": "^2.6.2" } }, "sha512-N/LoLG8pZ1zv5cIWpdF6vmSjtZtXKK9G0OqT5yYCOZU+CzPq1+nYA95VoKJBGWRScs7YbMugZ7lZx8Fj1vdHoA=="],

    "@smithy/eventstream-codec": ["@smithy/eventstream-codec@4.4.4", "", { "dependencies": { "@smithy/core": "^3.28.0", "tslib": "^2.6.2" } }, "sha512-DStvMemWlcZRXkP9XdCsinolM6yZd4fL2NiQItC8n/I+JC6utkLr0Dc+wLjLqjPyAJR1zXt7inSflea217yGlw=="],

    "@smithy/types": ["@smithy/types@4.15.0", "", { "dependencies": { "tslib": "^2.6.2" } }, "sha512-Z5TAOxygoFvybJV3igo5SloFflSokHx2hu1eFA+DxDTcn+FtKxUSui+rbTRG1pAafMA888Z3MVvCWUuvCrTXjg=="],

    "@smithy/util-utf8": ["@smithy/util-utf8@4.4.4", "", { "dependencies": { "@smithy/core": "^3.28.0", "tslib": "^2.6.2" } }, "sha512-kvxCWygmILHgwuIQKxocTHblTsF1eWLF/rBN5qjY7QmHfIglcqJoe/p9mo7uOR/dA+h3eVZVLZcmscxp+WtDCA=="],

    "@standard-schema/spec": ["@standard-schema/spec@1.1.0", "", {}, "sha512-l2aFy5jALhniG5HgqrD6jXLi/rUWrKvqN/qJx6yoJsgKhblVd+iqqU4RCXavm/jPityDo5TCvKMnpjKnOriy0w=="],

    "@types/bun": ["@types/bun@1.3.14", "", { "dependencies": { "bun-types": "1.3.14" } }, "sha512-h1hFqFVcvAvD9j9K7ZW7vd82aSA+rTdznZa+5bwvCwqSB1jmmfLcbIWhOLx1/+boy/xmjgCs/OMUL8hRJSmnPw=="],

    "@types/node": ["@types/node@26.1.1", "", { "dependencies": { "undici-types": "~8.3.0" } }, "sha512-nxAkRSVkN1Y0JC1W8ky/fTfkGsMmcrRsbx+3XoZE+rMOX71kLYTV7fLXpqud1GpbpP5TuffXFqfX7fH2GgZREw=="],

    "@typescript/typescript-aix-ppc64": ["@typescript/typescript-aix-ppc64@7.0.2", "", { "os": "aix", "cpu": "ppc64" }, "sha512-MTKKkWB7p/0E9xi1d1tHtZ5PiLkGEMIq88pK2CubZjOsLtYTLqhgIgi6zepFa+9GHZ6h05NMCkQxGKiPXMxXtQ=="],

    "@typescript/typescript-darwin-arm64": ["@typescript/typescript-darwin-arm64@7.0.2", "", { "os": "darwin", "cpu": "arm64" }, "sha512-gowzar9MwS/aRWp6f3a4KUqzRjAZjOsmGNCM6LcTgXum+dBfgsBVMN+AgvOCCbguXyick6LJhpBszxMebJ8syA=="],

    "@typescript/typescript-darwin-x64": ["@typescript/typescript-darwin-x64@7.0.2", "", { "os": "darwin", "cpu": "x64" }, "sha512-SZ9xZInqApNlNGc9s0W1VSsktYSOe9cFqNOIqmN1Gs8SmkjKZYFt017G4VwPxASInODuAdbTW7sXiFUf893RgA=="],

    "@typescript/typescript-freebsd-arm64": ["@typescript/typescript-freebsd-arm64@7.0.2", "", { "os": "freebsd", "cpu": "arm64" }, "sha512-W5NH4y/J0plIIS5b2xvTEkU7JFxyqdMAOgf+Ilhl0vHQXKO5dZoxd+C/jEtq56c4F3wk71RB4BMRQ2XdI+bwYQ=="],

    "@typescript/typescript-freebsd-x64": ["@typescript/typescript-freebsd-x64@7.0.2", "", { "os": "freebsd", "cpu": "x64" }, "sha512-UMGDx5sTpzNw3WiPebH7l90IWfJggEd+egHt/q6p7/Cm3zqoV7VxkGXt+3DxPIw8CcmvAB0j3sVVfbhX+M4Tpw=="],

    "@typescript/typescript-linux-arm": ["@typescript/typescript-linux-arm@7.0.2", "", { "os": "linux", "cpu": "arm" }, "sha512-gffT3xPz9sR7j/YJExkyPntrI0P2EP9XbOyWzth2/Gs0RstK+90RBcO0ncXoXy/beYll1SXw846Nf2zdnEz0QQ=="],

    "@typescript/typescript-linux-arm64": ["@typescript/typescript-linux-arm64@7.0.2", "", { "os": "linux", "cpu": "arm64" }, "sha512-Qh4eU4/y3yDjnfjjyPYihMj5/ODIlmt+Bzu17OI+fiSRDW57QmU5SiN63exPRNJPKUzcc1INa1NXdrJ+MqHjUQ=="],

    "@typescript/typescript-linux-loong64": ["@typescript/typescript-linux-loong64@7.0.2", "", { "os": "linux", "cpu": "none" }, "sha512-uEHck9i8hoAzXPiYRib1O7miOnz23SxIeVl6F4LXox+qov1K35jHcEW6VHKvZI+pyvl7fZEP4MCU5LYvIq1GuQ=="],

    "@typescript/typescript-linux-mips64el": ["@typescript/typescript-linux-mips64el@7.0.2", "", { "os": "linux", "cpu": "none" }, "sha512-R4KvAMnE43W5Qeqb0Ly56O3mWMWIAgsMyz36DCaycd5nbg/9kzm0liw3JocfRqyJY0KPmzFjbswozXyW0DnIYA=="],

    "@typescript/typescript-linux-ppc64": ["@typescript/typescript-linux-ppc64@7.0.2", "", { "os": "linux", "cpu": "ppc64" }, "sha512-DORx5b3sd/4S7eayxm4FQv+A7CrkUIGRaHiwI8oiHTAI1fAPWhF4J0vAlkC8biAlHSVVwxMQ3tjZ2/DVbnQiiA=="],

    "@typescript/typescript-linux-riscv64": ["@typescript/typescript-linux-riscv64@7.0.2", "", { "os": "linux", "cpu": "none" }, "sha512-wf0jqEDOjrPRnKwYRyyJDRo11KMbvMFrU+q4zqKyChODBzvlkbhNQfKvLxQCcwTpdDaXSHZTVuh0JoCrKCUMHQ=="],

    "@typescript/typescript-linux-s390x": ["@typescript/typescript-linux-s390x@7.0.2", "", { "os": "linux", "cpu": "s390x" }, "sha512-IkwJc3L7yhytWd/ewjyxNDfOmswCm9GWMJT/ue/dU4aZNbwZeYAetq42VyLmsmSjvoX7z74X6ZaYCtzAr0EuGw=="],

    "@typescript/typescript-linux-x64": ["@typescript/typescript-linux-x64@7.0.2", "", { "os": "linux", "cpu": "x64" }, "sha512-EYdf2cNg7rgCWJnxCdJ+F3V39O8ihb37eHAu1LK8oAFizgTQbPOK7zHHXbPt8rX24COqODXeI3sIf0fCXG7H/A=="],

    "@typescript/typescript-netbsd-arm64": ["@typescript/typescript-netbsd-arm64@7.0.2", "", { "os": "none", "cpu": "arm64" }, "sha512-+polYF4MF04aPpO5FTkHran9yUQDSXqy5GiSDKpsll5jy3l3+g9QLhpf39T+ePtefhXLOGrLl0QIjkQP6VnelA=="],

    "@typescript/typescript-netbsd-x64": ["@typescript/typescript-netbsd-x64@7.0.2", "", { "os": "none", "cpu": "x64" }, "sha512-8YIT0EHM/3dq10ZOVF/A7pc/YSMtbcecct4rWtexrnSCHOPcpC2KTLXfTCR6vDpnSiY12heNb1GiN/wu+T/FyA=="],

    "@typescript/typescript-openbsd-arm64": ["@typescript/typescript-openbsd-arm64@7.0.2", "", { "os": "openbsd", "cpu": "arm64" }, "sha512-APT8+ClYnuYm1u9+kgGXoMj2VzWzcymwh2gNSQVySHfkRDGOTVkoWLjCmOQSaO+PoqQ57B0flRp9SA+7GnnkzQ=="],

    "@typescript/typescript-openbsd-x64": ["@typescript/typescript-openbsd-x64@7.0.2", "", { "os": "openbsd", "cpu": "x64" }, "sha512-yX7s+Q0Dln0Dt9tEzZsAjXXR/+ytBM7AlglaqyeMPxQszJ1JhlJdZ6jLA+IzldHtflX81em7lDao1xXu+aRRkg=="],

    "@typescript/typescript-sunos-x64": ["@typescript/typescript-sunos-x64@7.0.2", "", { "os": "sunos", "cpu": "x64" }, "sha512-dLJDGaLZ1D4HPQn62u1n8mBDkJREwMsAkCdkwd4Ieqw+x3TUyTsqY0YiBCtE6H6OzzgGk3iuZ3vFWRS+E8/d1g=="],

    "@typescript/typescript-win32-arm64": ["@typescript/typescript-win32-arm64@7.0.2", "", { "os": "win32", "cpu": "arm64" }, "sha512-Gyl1Vy6OsWesLzmq+EP0Fb7b4Nid5232AvcA2SFcdYreldpNtYFFofPjnt62y9hQy7VTaZp65ICJjuAQRaVcIQ=="],

    "@typescript/typescript-win32-x64": ["@typescript/typescript-win32-x64@7.0.2", "", { "os": "win32", "cpu": "x64" }, "sha512-0BQ3HkAHHlKLSp1qRvf3SUhGpGsDuhB/jgFw75guyqbxJqEaS0Cw/VFO8i2nHglJUzQCRtMMR/IBAKE3ETMC4g=="],

    "@vercel/oidc": ["@vercel/oidc@3.2.0", "", {}, "sha512-UycprH3T6n3jH0k44NHMa7pnFHGu/N05MjojYr+Mc6I7obkoLIJujSWwin1pCvdy/eOxrI/l3uDLQsmcrOb4ug=="],

    "@workflow/serde": ["@workflow/serde@4.1.0", "", {}, "sha512-pav4F2BoirECWR7Nf1TKt+2eETcBj7jj4cBefQ8VXQCA6NPkaKeLfj/zMgi+3zYV5ZIBT4GuUiphsj0/b9hPQQ=="],

    "agent-base": ["agent-base@7.1.4", "", {}, "sha512-MnA+YT8fwfJPgBx3m60MNqakm30XOkyIoH1y6huTQvC0PwZG7ki8NacLBcrPbNoo8vEZy7Jpuk7+jMO+CUovTQ=="],

    "ai": ["ai@7.0.18", "", { "dependencies": { "@ai-sdk/gateway": "4.0.14", "@ai-sdk/provider": "4.0.2", "@ai-sdk/provider-utils": "5.0.6" }, "peerDependencies": { "zod": "^3.25.76 || ^4.1.8" } }, "sha512-/DsiRfbLPtoHf9C47Hy+LK+HkjNowX1DQo3id4zWegfU6z1WjVDRAHYJAiX7SXhGp0mWX4tcenUhfIFessDWnw=="],

    "aws4fetch": ["aws4fetch@1.0.20", "", {}, "sha512-/djoAN709iY65ETD6LKCtyyEI04XIBP5xVvfmNxsEP0uJB5tyaGBztSryRr4HqMStr9R06PisQE7m9zDTXKu6g=="],

    "base64-js": ["base64-js@1.5.1", "", {}, "sha512-AKpaYlHn8t4SVbOHCy+b5+KKgvR4vrsD8vbvrbiQJps7fKDTkjkDry6ji0rUJjC0kzbNePLwzxq8iypo41qeWA=="],

    "bignumber.js": ["bignumber.js@9.3.1", "", {}, "sha512-Ko0uX15oIUS7wJ3Rb30Fs6SkVbLmPBAKdlm7q9+ak9bbIeFf0MwuBsQV6z7+X768/cHsfg+WlysDWJcmthjsjQ=="],

    "buffer-equal-constant-time": ["buffer-equal-constant-time@1.0.1", "", {}, "sha512-zRpUiDwd/xk6ADqPMATG8vc9VPrkck7T07OIx0gnjmJAnHnTVXNQG3vfvWNuiZIkwu9KrKdA1iJKfsfTVxE6NA=="],

    "bun-types": ["bun-types@1.3.14", "", { "dependencies": { "@types/node": "*" } }, "sha512-4N0ig0fEomHt5R0KCFWjovxow98rIoRwKolrYdCcknNwMekCXRnWEUvgu5soYV8QXtVsrUD8B95MBOZGPvr6KQ=="],

    "data-uri-to-buffer": ["data-uri-to-buffer@4.0.1", "", {}, "sha512-0R9ikRb668HB7QDxT1vkpuUBtqc53YyAwMwGeUFKRojY/NWKvdZ+9UYtRfGmhqNbRkTSVpMbmyhXipFFv2cb/A=="],

    "debug": ["debug@4.4.3", "", { "dependencies": { "ms": "^2.1.3" }, "peerDependencies": { "supports-color": "*" }, "optionalPeers": ["supports-color"] }, "sha512-RGwwWnwQvkVfavKVt22FGLw+xYSdzARwm0ru6DhTVA3umU5hZc28V3kO4stgYryrTlLpuvgI9GiijltAjNbcqA=="],

    "ecdsa-sig-formatter": ["ecdsa-sig-formatter@1.0.11", "", { "dependencies": { "safe-buffer": "^5.0.1" } }, "sha512-nagl3RYrbNv6kQkeJIpt6NJZy8twLB/2vtz6yN9Z4vRKHN4/QZJIEbqohALSgwKdnksuY3k5Addp5lg8sVoVcQ=="],

    "eventsource-parser": ["eventsource-parser@3.1.0", "", {}, "sha512-kJezFj9YFAMLeORyi7aCLxLbD5/qWMQnoMVlVPyHIll7lgRJCc3JVln9Vgl9nwQi0YkMnhdGTMNn7CkRRAptMg=="],

    "extend": ["extend@3.0.2", "", {}, "sha512-fjquC59cD7CyW6urNXK0FBufkZcoiGG80wTuPujX590cB5Ttln20E2UB4S/WARVqhXffZl2LNgS+gQdPIIim/g=="],

    "fetch-blob": ["fetch-blob@3.2.0", "", { "dependencies": { "node-domexception": "^1.0.0", "web-streams-polyfill": "^3.0.3" } }, "sha512-7yAQpD2UMJzLi1Dqv7qFYnPbaPx7ZfFK6PiIxQ4PfkGPyNyl2Ugx+a/umUonmKqjhM4DnfbMvdX6otXq83soQQ=="],

    "formdata-polyfill": ["formdata-polyfill@4.0.10", "", { "dependencies": { "fetch-blob": "^3.1.2" } }, "sha512-buewHzMvYL29jdeQTVILecSaZKnt/RJWjoZCF5OW60Z67/GmSLBkOFM7qh1PI3zFNtJbaZL5eQu1vLfazOwj4g=="],

    "gaxios": ["gaxios@7.1.5", "", { "dependencies": { "extend": "^3.0.2", "https-proxy-agent": "^7.0.1", "node-fetch": "^3.3.2" } }, "sha512-5FZy72Rh8LhtjmvDrKkI+lVhrsQrVKVsItxMoDm5mNQE+xR0WVIIs+jzPSJgBvKVsLi24fZhXJIsNI0bihDzFg=="],

    "gcp-metadata": ["gcp-metadata@8.1.2", "", { "dependencies": { "gaxios": "^7.0.0", "google-logging-utils": "^1.0.0", "json-bigint": "^1.0.0" } }, "sha512-zV/5HKTfCeKWnxG0Dmrw51hEWFGfcF2xiXqcA3+J90WDuP0SvoiSO5ORvcBsifmx/FoIjgQN3oNOGaQ5PhLFkg=="],

    "google-auth-library": ["google-auth-library@10.9.0", "", { "dependencies": { "base64-js": "^1.3.0", "ecdsa-sig-formatter": "^1.0.11", "gaxios": "^7.1.4", "gcp-metadata": "8.1.2", "google-logging-utils": "1.1.3", "jws": "^4.0.0" } }, "sha512-xtvUqvINPhTaBm7nXqlYPcrMHJPm1lCNdSovxnKKhTm+4JsvQ+KGVYJViLoH9Yxu8w+T0Qv5HubzYT9BLrppJg=="],

    "google-logging-utils": ["google-logging-utils@1.1.3", "", {}, "sha512-eAmLkjDjAFCVXg7A1unxHsLf961m6y17QFqXqAXGj/gVkKFrEICfStRfwUlGNfeCEjNRa32JEWOUTlYXPyyKvA=="],

    "https-proxy-agent": ["https-proxy-agent@7.0.6", "", { "dependencies": { "agent-base": "^7.1.2", "debug": "4" } }, "sha512-vK9P5/iUfdl95AI+JVyUuIcVtd4ofvtrOr3HNtM2yxC9bnMbEdp3x01OhQNnjb8IJYi38VlTE3mBXwcfvywuSw=="],

    "json-bigint": ["json-bigint@1.0.0", "", { "dependencies": { "bignumber.js": "^9.0.0" } }, "sha512-SiPv/8VpZuWbvLSMtTDU8hEfrZWg/mH/nV/b4o0CYbSxu1UIQPLdwKOCIyLQX+VIPO5vrLX3i8qtqFyhdPSUSQ=="],

    "json-schema": ["json-schema@0.4.0", "", {}, "sha512-es94M3nTIfsEPisRafak+HDLfHXnKBhV3vU5eqPcS3flIWqcxJWgXHXiey3YrpaNsanY5ei1VoYEbOzijuq9BA=="],

    "jwa": ["jwa@2.0.1", "", { "dependencies": { "buffer-equal-constant-time": "^1.0.1", "ecdsa-sig-formatter": "1.0.11", "safe-buffer": "^5.0.1" } }, "sha512-hRF04fqJIP8Abbkq5NKGN0Bbr3JxlQ+qhZufXVr0DvujKy93ZCbXZMHDL4EOtodSbCWxOqR8MS1tXA5hwqCXDg=="],

    "jws": ["jws@4.0.1", "", { "dependencies": { "jwa": "^2.0.1", "safe-buffer": "^5.0.1" } }, "sha512-EKI/M/yqPncGUUh44xz0PxSidXFr/+r0pA70+gIYhjv+et7yxM+s29Y+VGDkovRofQem0fs7Uvf4+YmAdyRduA=="],

    "ms": ["ms@2.1.3", "", {}, "sha512-6FlzubTLZG3J2a/NVCAleEhjzq5oxgHyaCU9yYXvcLsvoVaHJq/s5xXI6/XXP6tz7R9xAOtHnSO/tXtF3WRTlA=="],

    "node-domexception": ["node-domexception@1.0.0", "", {}, "sha512-/jKZoMpw0F8GRwl4/eLROPA3cfcXtLApP0QzLmUT/HuPCZWyB7IY9ZrMeKw2O/nFIqPQB3PVM9aYm0F312AXDQ=="],

    "node-fetch": ["node-fetch@3.3.2", "", { "dependencies": { "data-uri-to-buffer": "^4.0.0", "fetch-blob": "^3.1.4", "formdata-polyfill": "^4.0.10" } }, "sha512-dRB78srN/l6gqWulah9SrxeYnxeddIG30+GOqK/9OlLVyLg3HPnr6SqOWTWOXKRwC2eGYCkZ59NNuSgvSrpgOA=="],

    "safe-buffer": ["safe-buffer@5.2.1", "", {}, "sha512-rp3So07KcdmmKbGvgaNxQSJr7bGVSVk5S9Eq1F+ppbRo70+YeaDxkw5Dd8NPN+GD6bjnYm2VuPuCXmpuYvmCXQ=="],

    "tslib": ["tslib@2.8.1", "", {}, "sha512-oJFu94HQb+KVduSUQL7wnpmqnfmLsOA/nAh6b6EH0wCEoK0/mPeXU6c3wKDV83MkOuHPRHtSXKKU99IBazS/2w=="],

    "typescript": ["typescript@7.0.2", "", { "optionalDependencies": { "@typescript/typescript-aix-ppc64": "7.0.2", "@typescript/typescript-darwin-arm64": "7.0.2", "@typescript/typescript-darwin-x64": "7.0.2", "@typescript/typescript-freebsd-arm64": "7.0.2", "@typescript/typescript-freebsd-x64": "7.0.2", "@typescript/typescript-linux-arm": "7.0.2", "@typescript/typescript-linux-arm64": "7.0.2", "@typescript/typescript-linux-loong64": "7.0.2", "@typescript/typescript-linux-mips64el": "7.0.2", "@typescript/typescript-linux-ppc64": "7.0.2", "@typescript/typescript-linux-riscv64": "7.0.2", "@typescript/typescript-linux-s390x": "7.0.2", "@typescript/typescript-linux-x64": "7.0.2", "@typescript/typescript-netbsd-arm64": "7.0.2", "@typescript/typescript-netbsd-x64": "7.0.2", "@typescript/typescript-openbsd-arm64": "7.0.2", "@typescript/typescript-openbsd-x64": "7.0.2", "@typescript/typescript-sunos-x64": "7.0.2", "@typescript/typescript-win32-arm64": "7.0.2", "@typescript/typescript-win32-x64": "7.0.2" }, "bin": { "tsc": "bin/tsc" } }, "sha512-8FYau96o3NKOhbjKi/qNvG/W5jhzxkbdm5sj9AbZ/5T5sWqn3hJgLfGx27sRKZWTvyzCP8dLRBTf5tBTSRVUNA=="],

    "undici-types": ["undici-types@8.3.0", "", {}, "sha512-j375ScV60dom+YkPFIfTLcOiPxkN/buHz5GobjLhixFuANaNs3C9l4GmrWqejgXWJ7BbJcFYpTEUkS1Ge8bpZQ=="],

    "web-streams-polyfill": ["web-streams-polyfill@3.3.3", "", {}, "sha512-d2JWLCivmZYTSIoge9MsgFCZrt571BikcWGYkjC1khllbTeDlGqZ2D8vD8E/lJa8WGWbb7Plm8/XJYV7IJHZZw=="],

    "zod": ["zod@4.4.3", "", {}, "sha512-ytENFjIJFl2UwYglde2jchW2Hwm4GJFLDiSXWdTrJQBIN9Fcyp7n4DhxJEiWNAJMV1/BqWfW/kkg71UDcHJyTQ=="],

    "bun-types/@types/node": ["@types/node@25.4.0", "", { "dependencies": { "undici-types": "~7.18.0" } }, "sha512-9wLpoeWuBlcbBpOY3XmzSTG3oscB6xjBEEtn+pYXTfhyXhIxC5FsBer2KTopBlvKEiW9l13po9fq+SJY/5lkhw=="],

    "bun-types/@types/node/undici-types": ["undici-types@7.18.2", "", {}, "sha512-AsuCzffGHJybSaRrmr5eHr81mwJU3kjw6M+uprWvCXiNeN9SOGwQ3Jn8jb8m3Z6izVgknn1R0FTCEAP2QrLY/w=="],
  }
}
